
Microsoft Visual Studio Solution File, Format Version 12.00
# Visual Studio Version 16
VisualStudioVersion = 16.0.29905.134
MinimumVisualStudioVersion = 10.0.40219.1
Project("{9A19103F-16F7-4668-BE54-9A1E7A4F7556}") = "NeuronalNetwork", "NeuronalNetwork\NeuronalNetwork.csproj", "{C902484A-2372-48CA-A36A-9D3A87B8D812}"
EndProject
Project("{9A19103F-16F7-4668-BE54-9A1E7A4F7556}") = "Console", "Console\Console.csproj", "{BD27369C-5FFF-46A8-8B73-BF2BE2A89A2F}"
EndProject
Project("{FAE04EC0-301F-11D3-BF4B-00C04F79EFBC}") = "AILearn.Core", "AILearn.Core\AILearn.Core.csproj", "{4CDD166A-4106-4F9D-909B-52F7C0D6DD97}"
EndProject
Global
	GlobalSection(SolutionConfigurationPlatforms) = preSolution
		Debug|Any CPU = Debug|Any CPU
		Release|Any CPU = Release|Any CPU
	EndGlobalSection
	GlobalSection(ProjectConfigurationPlatforms) = postSolution
		{C902484A-2372-48CA-A36A-9D3A87B8D812}.Debug|Any CPU.ActiveCfg = Debug|Any CPU
		{C902484A-2372-48CA-A36A-9D3A87B8D812}.Debug|Any CPU.Build.0 = Debug|Any CPU
		{C902484A-2372-48CA-A36A-9D3A87B8D812}.Release|Any CPU.ActiveCfg = Release|Any CPU
		{C902484A-2372-48CA-A36A-9D3A87B8D812}.Release|Any CPU.Build.0 = Release|Any CPU
		{BD27369C-5FFF-46A8-8B73-BF2BE2A89A2F}.Debug|Any CPU.ActiveCfg = Debug|Any CPU
		{BD27369C-5FFF-46A8-8B73-BF2BE2A89A2F}.Debug|Any CPU.Build.0 = Debug|Any CPU
		{BD27369C-5FFF-46A8-8B73-BF2BE2A89A2F}.Release|Any CPU.ActiveCfg = Release|Any CPU
		{BD27369C-5FFF-46A8-8B73-BF2BE2A89A2F}.Release|Any CPU.Build.0 = Release|Any CPU
		{4CDD166A-4106-4F9D-909B-52F7C0D6DD97}.Debug|Any CPU.ActiveCfg = Debug|Any CPU
		{4CDD166A-4106-4F9D-909B-52F7C0D6DD97}.Debug|Any CPU.Build.0 = Debug|Any CPU
		{4CDD166A-4106-4F9D-909B-52F7C0D6DD97}.Release|Any CPU.ActiveCfg = Release|Any CPU
		{4CDD166A-4106-4F9D-909B-52F7C0D6DD97}.Release|Any CPU.Build.0 = Release|Any CPU
	EndGlobalSection
	GlobalSection(SolutionProperties) = preSolution
		HideSolutionNode = FALSE
	EndGlobalSection
	GlobalSection(ExtensibilityGlobals) = postSolution
		SolutionGuid = {18BA675E-4F40-4F4A-9A11-DE8CCA036ACA}
	EndGlobalSection
EndGlobal
